
Microsoft Visual Studio Solution File, Format Version 12.00
# Visual Studio Version 17
VisualStudioVersion = 17.10.35013.160
MinimumVisualStudioVersion = 10.0.40219.1
Project("{FAE04EC0-301F-11D3-BF4B-00C04F79EFBC}") = "FastFood", "FastFood.csproj", "{4268DA38-A9EA-4A8C-9543-572F6F0B8592}"
EndProject
Project("{FAE04EC0-301F-11D3-BF4B-00C04F79EFBC}") = "FastFood.Models", "..\FastFood.Models\FastFood.Models.csproj", "{F6365534-95DF-4CA7-8B43-A3358B4AF94E}"
EndProject
Project("{FAE04EC0-301F-11D3-BF4B-00C04F79EFBC}") = "FastFood.Repository", "..\FastFood.Repository\FastFood.Repository.csproj", "{4E3E9B91-C835-4F8D-B780-A9DE06F0D145}"
EndProject
Project("{FAE04EC0-301F-11D3-BF4B-00C04F79EFBC}") = "FastFood.Services", "..\FastFood.Services\FastFood.Services.csproj", "{A744D9D5-DFFC-472C-96E0-6527173DE85A}"
EndProject
Global
	GlobalSection(SolutionConfigurationPlatforms) = preSolution
		Debug|Any CPU = Debug|Any CPU
		Release|Any CPU = Release|Any CPU
	EndGlobalSection
	GlobalSection(ProjectConfigurationPlatforms) = postSolution
		{4268DA38-A9EA-4A8C-9543-572F6F0B8592}.Debug|Any CPU.ActiveCfg = Debug|Any CPU
		{4268DA38-A9EA-4A8C-9543-572F6F0B8592}.Debug|Any CPU.Build.0 = Debug|Any CPU
		{4268DA38-A9EA-4A8C-9543-572F6F0B8592}.Release|Any CPU.ActiveCfg = Release|Any CPU
		{4268DA38-A9EA-4A8C-9543-572F6F0B8592}.Release|Any CPU.Build.0 = Release|Any CPU
		{F6365534-95DF-4CA7-8B43-A3358B4AF94E}.Debug|Any CPU.ActiveCfg = Debug|Any CPU
		{F6365534-95DF-4CA7-8B43-A3358B4AF94E}.Debug|Any CPU.Build.0 = Debug|Any CPU
		{F6365534-95DF-4CA7-8B43-A3358B4AF94E}.Release|Any CPU.ActiveCfg = Release|Any CPU
		{F6365534-95DF-4CA7-8B43-A3358B4AF94E}.Release|Any CPU.Build.0 = Release|Any CPU
		{4E3E9B91-C835-4F8D-B780-A9DE06F0D145}.Debug|Any CPU.ActiveCfg = Debug|Any CPU
		{4E3E9B91-C835-4F8D-B780-A9DE06F0D145}.Debug|Any CPU.Build.0 = Debug|Any CPU
		{4E3E9B91-C835-4F8D-B780-A9DE06F0D145}.Release|Any CPU.ActiveCfg = Release|Any CPU
		{4E3E9B91-C835-4F8D-B780-A9DE06F0D145}.Release|Any CPU.Build.0 = Release|Any CPU
		{A744D9D5-DFFC-472C-96E0-6527173DE85A}.Debug|Any CPU.ActiveCfg = Debug|Any CPU
		{A744D9D5-DFFC-472C-96E0-6527173DE85A}.Debug|Any CPU.Build.0 = Debug|Any CPU
		{A744D9D5-DFFC-472C-96E0-6527173DE85A}.Release|Any CPU.ActiveCfg = Release|Any CPU
		{A744D9D5-DFFC-472C-96E0-6527173DE85A}.Release|Any CPU.Build.0 = Release|Any CPU
	EndGlobalSection
	GlobalSection(SolutionProperties) = preSolution
		HideSolutionNode = FALSE
	EndGlobalSection
	GlobalSection(ExtensibilityGlobals) = postSolution
		SolutionGuid = {5EE1D9A3-BAE3-4F5F-B4B1-43934997C76F}
	EndGlobalSection
EndGlobal
